
Microsoft Visual Studio Solution File, Format Version 12.00
# Visual Studio Version 17
VisualStudioVersion = 17.0.32112.339
MinimumVisualStudioVersion = 10.0.40219.1
Project("{FAE04EC0-301F-11D3-BF4B-00C04F79EFBC}") = "Task1", "Task1\Task1.csproj", "{874DE783-D98B-4008-BBB6-D6DA2C044A73}"
EndProject
Project("{FAE04EC0-301F-11D3-BF4B-00C04F79EFBC}") = "Task2", "Task2\Task2.csproj", "{31D7D79B-5117-4BDC-A97E-910CAFBC8CC0}"
EndProject
Project("{FAE04EC0-301F-11D3-BF4B-00C04F79EFBC}") = "Task3", "Task3\Task3.csproj", "{0E7C2D7D-1990-4DA6-AB79-D30D604C7D46}"
EndProject
Project("{FAE04EC0-301F-11D3-BF4B-00C04F79EFBC}") = "Task4", "Task4\Task4.csproj", "{A4CFB296-CC88-477A-92AA-FB9027BECA6D}"
EndProject
Global
	GlobalSection(SolutionConfigurationPlatforms) = preSolution
		Debug|Any CPU = Debug|Any CPU
		Release|Any CPU = Release|Any CPU
	EndGlobalSection
	GlobalSection(ProjectConfigurationPlatforms) = postSolution
		{874DE783-D98B-4008-BBB6-D6DA2C044A73}.Debug|Any CPU.ActiveCfg = Debug|Any CPU
		{874DE783-D98B-4008-BBB6-D6DA2C044A73}.Debug|Any CPU.Build.0 = Debug|Any CPU
		{874DE783-D98B-4008-BBB6-D6DA2C044A73}.Release|Any CPU.ActiveCfg = Release|Any CPU
		{874DE783-D98B-4008-BBB6-D6DA2C044A73}.Release|Any CPU.Build.0 = Release|Any CPU
		{31D7D79B-5117-4BDC-A97E-910CAFBC8CC0}.Debug|Any CPU.ActiveCfg = Debug|Any CPU
		{31D7D79B-5117-4BDC-A97E-910CAFBC8CC0}.Debug|Any CPU.Build.0 = Debug|Any CPU
		{31D7D79B-5117-4BDC-A97E-910CAFBC8CC0}.Release|Any CPU.ActiveCfg = Release|Any CPU
		{31D7D79B-5117-4BDC-A97E-910CAFBC8CC0}.Release|Any CPU.Build.0 = Release|Any CPU
		{0E7C2D7D-1990-4DA6-AB79-D30D604C7D46}.Debug|Any CPU.ActiveCfg = Debug|Any CPU
		{0E7C2D7D-1990-4DA6-AB79-D30D604C7D46}.Debug|Any CPU.Build.0 = Debug|Any CPU
		{0E7C2D7D-1990-4DA6-AB79-D30D604C7D46}.Release|Any CPU.ActiveCfg = Release|Any CPU
		{0E7C2D7D-1990-4DA6-AB79-D30D604C7D46}.Release|Any CPU.Build.0 = Release|Any CPU
		{A4CFB296-CC88-477A-92AA-FB9027BECA6D}.Debug|Any CPU.ActiveCfg = Debug|Any CPU
		{A4CFB296-CC88-477A-92AA-FB9027BECA6D}.Debug|Any CPU.Build.0 = Debug|Any CPU
		{A4CFB296-CC88-477A-92AA-FB9027BECA6D}.Release|Any CPU.ActiveCfg = Release|Any CPU
		{A4CFB296-CC88-477A-92AA-FB9027BECA6D}.Release|Any CPU.Build.0 = Release|Any CPU
	EndGlobalSection
	GlobalSection(SolutionProperties) = preSolution
		HideSolutionNode = FALSE
	EndGlobalSection
	GlobalSection(ExtensibilityGlobals) = postSolution
		SolutionGuid = {07E75318-1AF2-49EC-A338-FCE9056FF592}
	EndGlobalSection
EndGlobal
